// !$*UTF8*$!
{
	archiveVersion = 1;
	classes = {
	};
	objectVersion = 50;
	objects = {

/* Begin PBXBuildFile section */
		3A8EA85E25681B8F0060E259 /* AppDelegate.swift in Sources */ = {isa = PBXBuildFile; fileRef = 3A8EA85D25681B8F0060E259 /* AppDelegate.swift */; };
		3A8EA86025681B8F0060E259 /* SceneDelegate.swift in Sources */ = {isa = PBXBuildFile; fileRef = 3A8EA85F25681B8F0060E259 /* SceneDelegate.swift */; };
		3A8EA86225681B8F0060E259 /* ContentView.swift in Sources */ = {isa = PBXBuildFile; fileRef = 3A8EA86125681B8F0060E259 /* ContentView.swift */; };
		3A8EA86425681B900060E259 /* Assets.xcassets in Resources */ = {isa = PBXBuildFile; fileRef = 3A8EA86325681B900060E259 /* Assets.xcassets */; };
		3A8EA86725681B900060E259 /* Preview Assets.xcassets in Resources */ = {isa = PBXBuildFile; fileRef = 3A8EA86625681B900060E259 /* Preview Assets.xcassets */; };
		3A8EA86A25681B900060E259 /* LaunchScreen.storyboard in Resources */ = {isa = PBXBuildFile; fileRef = 3A8EA86825681B900060E259 /* LaunchScreen.storyboard */; };
/* End PBXBuildFile section */

/* Begin PBXFileReference section */
		3A8EA85A25681B8F0060E259 /* AngeliqueCard.app */ = {isa = PBXFileReference; explicitFileType = wrapper.application; includeInIndex = 0; path = AngeliqueCard.app; sourceTree = BUILT_PRODUCTS_DIR; };
		3A8EA85D25681B8F0060E259 /* AppDelegate.swift */ = {isa = PBXFileReference; lastKnownFileType = sourcecode.swift; path = AppDelegate.swift; sourceTree = "<group>"; };
		3A8EA85F25681B8F0060E259 /* SceneDelegate.swift */ = {isa = PBXFileReference; lastKnownFileType = sourcecode.swift; path = SceneDelegate.swift; sourceTree = "<group>"; };
		3A8EA86125681B8F0060E259 /* ContentView.swift */ = {isa = PBXFileReference; lastKnownFileType = sourcecode.swift; path = ContentView.swift; sourceTree = "<group>"; };
		3A8EA86325681B900060E259 /* Assets.xcassets */ = {isa = PBXFileReference; lastKnownFileType = folder.assetcatalog; path = Assets.xcassets; sourceTree = "<group>"; };
		3A8EA86625681B900060E259 /* Preview Assets.xcassets */ = {isa = PBXFileReference; lastKnownFileType = folder.assetcatalog; path = "Preview Assets.xcassets"; sourceTree = "<group>"; };
		3A8EA86925681B900060E259 /* Base */ = {isa = PBXFileReference; lastKnownFileType = file.storyboard; name = Base; path = Base.lproj/LaunchScreen.storyboard; sourceTree = "<group>"; };
		3A8EA86B25681B900060E259 /* Info.plist */ = {isa = PBXFileReference; lastKnownFileType = text.plist.xml; path = Info.plist; sourceTree = "<group>"; };
/* End PBXFileReference section */

/* Begin PBXFrameworksBuildPhase section */
		3A8EA85725681B8F0060E259 /* Frameworks */ = {
			isa = PBXFrameworksBuildPhase;
			buildActionMask = 2147483647;
			files = (
			);
			runOnlyForDeploymentPostprocessing = 0;
		};
/* End PBXFrameworksBuildPhase section */

/* Begin PBXGroup section */
		3A8EA85125681B8F0060E259 = {
			isa = PBXGroup;
			children = (
				3A8EA85C25681B8F0060E259 /* AngeliqueCard */,
				3A8EA85B25681B8F0060E259 /* Products */,
			);
			sourceTree = "<group>";
		};
		3A8EA85B25681B8F0060E259 /* Products */ = {
			isa = PBXGroup;
			children = (
				3A8EA85A25681B8F0060E259 /* AngeliqueCard.app */,
			);
			name = Products;
			sourceTree = "<group>";
		};
		3A8EA85C25681B8F0060E259 /* AngeliqueCard */ = {
			isa = PBXGroup;
			children = (
				3A8EA85D25681B8F0060E259 /* AppDelegate.swift */,
				3A8EA85F25681B8F0060E259 /* SceneDelegate.swift */,
				3A8EA86125681B8F0060E259 /* ContentView.swift */,
				3A8EA86325681B900060E259 /* Assets.xcassets */,
				3A8EA86825681B900060E259 /* LaunchScreen.storyboard */,
				3A8EA86B25681B900060E259 /* Info.plist */,
				3A8EA86525681B900060E259 /* Preview Content */,
			);
			path = AngeliqueCard;
			sourceTree = "<group>";
		};
		3A8EA86525681B900060E259 /* Preview Content */ = {
			isa = PBXGroup;
			children = (
				3A8EA86625681B900060E259 /* Preview Assets.xcassets */,
			);
			path = "Preview Content";
			sourceTree = "<group>";
		};
/* End PBXGroup section */

/* Begin PBXNativeTarget section */
		3A8EA85925681B8F0060E259 /* AngeliqueCard */ = {
			isa = PBXNativeTarget;
			buildConfigurationList = 3A8EA86E25681B900060E259 /* Build configuration list for PBXNativeTarget "AngeliqueCard" */;
			buildPhases = (
				3A8EA85625681B8F0060E259 /* Sources */,
				3A8EA85725681B8F0060E259 /* Frameworks */,
				3A8EA85825681B8F0060E259 /* Resources */,
			);
			buildRules = (
			);
			dependencies = (
			);
			name = AngeliqueCard;
			productName = AngeliqueCard;
			productReference = 3A8EA85A25681B8F0060E259 /* AngeliqueCard.app */;
			productType = "com.apple.product-type.application";
		};
/* End PBXNativeTarget section */

/* Begin PBXProject section */
		3A8EA85225681B8F0060E259 /* Project object */ = {
			isa = PBXProject;
			attributes = {
				LastSwiftUpdateCheck = 1210;
				LastUpgradeCheck = 1210;
				TargetAttributes = {
					3A8EA85925681B8F0060E259 = {
						CreatedOnToolsVersion = 12.1;
					};
				};
			};
			buildConfigurationList = 3A8EA85525681B8F0060E259 /* Build configuration list for PBXProject "AngeliqueCard" */;
			compatibilityVersion = "Xcode 9.3";
			developmentRegion = en;
			hasScannedForEncodings = 0;
			knownRegions = (
				en,
				Base,
			);
			mainGroup = 3A8EA85125681B8F0060E259;
			productRefGroup = 3A8EA85B25681B8F0060E259 /* Products */;
			projectDirPath = "";
			projectRoot = "";
			targets = (
				3A8EA85925681B8F0060E259 /* AngeliqueCard */,
			);
		};
/* End PBXProject section */

/* Begin PBXResourcesBuildPhase section */
		3A8EA85825681B8F0060E259 /* Resources */ = {
			isa = PBXResourcesBuildPhase;
			buildActionMask = 2147483647;
			files = (
				3A8EA86A25681B900060E259 /* LaunchScreen.storyboard in Resources */,
				3A8EA86725681B900060E259 /* Preview Assets.xcassets in Resources */,
				3A8EA86425681B900060E259 /* Assets.xcassets in Resources */,
			);
			runOnlyForDeploymentPostprocessing = 0;
		};
/* End PBXResourcesBuildPhase section */

/* Begin PBXSourcesBuildPhase section */
		3A8EA85625681B8F0060E259 /* Sources */ = {
			isa = PBXSourcesBuildPhase;
			buildActionMask = 2147483647;
			files = (
				3A8EA85E25681B8F0060E259 /* AppDelegate.swift in Sources */,
				3A8EA86025681B8F0060E259 /* SceneDelegate.swift in Sources */,
				3A8EA86225681B8F0060E259 /* ContentView.swift in Sources */,
			);
			runOnlyForDeploymentPostprocessing = 0;
		};
/* End PBXSourcesBuildPhase section */

/* Begin PBXVariantGroup section */
		3A8EA86825681B900060E259 /* LaunchScreen.storyboard */ = {
			isa = PBXVariantGroup;
			children = (
				3A8EA86925681B900060E259 /* Base */,
			);
			name = LaunchScreen.storyboard;
			sourceTree = "<group>";
		};
/* End PBXVariantGroup section */

/* Begin XCBuildConfiguration section */
		3A8EA86C25681B900060E259 /* Debug */ = {
			isa = XCBuildConfiguration;
			buildSettings = {
				ALWAYS_SEARCH_USER_PATHS = NO;
				CLANG_ANALYZER_NONNULL = YES;
				CLANG_ANALYZER_NUMBER_OBJECT_CONVERSION = YES_AGGRESSIVE;
				CLANG_CXX_LANGUAGE_STANDARD = "gnu++14";
				CLANG_CXX_LIBRARY = "libc++";
				CLANG_ENABLE_MODULES = YES;
				CLANG_ENABLE_OBJC_ARC = YES;
				CLANG_ENABLE_OBJC_WEAK = YES;
				CLANG_WARN_BLOCK_CAPTURE_AUTORELEASING = YES;
				CLANG_WARN_BOOL_CONVERSION = YES;
				CLANG_WARN_COMMA = YES;
				CLANG_WARN_CONSTANT_CONVERSION = YES;
				CLANG_WARN_DEPRECATED_OBJC_IMPLEMENTATIONS = YES;
				CLANG_WARN_DIRECT_OBJC_ISA_USAGE = YES_ERROR;
				CLANG_WARN_DOCUMENTATION_COMMENTS = YES;
				CLANG_WARN_EMPTY_BODY = YES;
				CLANG_WARN_ENUM_CONVERSION = YES;
				CLANG_WARN_INFINITE_RECURSION = YES;
				CLANG_WARN_INT_CONVERSION = YES;
				CLANG_WARN_NON_LITERAL_NULL_CONVERSION = YES;
				CLANG_WARN_OBJC_IMPLICIT_RETAIN_SELF = YES;
				CLANG_WARN_OBJC_LITERAL_CONVERSION = YES;
				CLANG_WARN_OBJC_ROOT_CLASS = YES_ERROR;
				CLANG_WARN_QUOTED_INCLUDE_IN_FRAMEWORK_HEADER = YES;
				CLANG_WARN_RANGE_LOOP_ANALYSIS = YES;
				CLANG_WARN_STRICT_PROTOTYPES = YES;
				CLANG_WARN_SUSPICIOUS_MOVE = YES;
				CLANG_WARN_UNGUARDED_AVAILABILITY = YES_AGGRESSIVE;
				CLANG_WARN_UNREACHABLE_CODE = YES;
				CLANG_WARN__DUPLICATE_METHOD_MATCH = YES;
				COPY_PHASE_STRIP = NO;
				DEBUG_INFORMATION_FORMAT = dwarf;
				ENABLE_STRICT_OBJC_MSGSEND = YES;
				ENABLE_TESTABILITY = YES;
				GCC_C_LANGUAGE_STANDARD = gnu11;
				GCC_DYNAMIC_NO_PIC = NO;
				GCC_NO_COMMON_BLOCKS = YES;
				GCC_OPTIMIZATION_LEVEL = 0;
				GCC_PREPROCESSOR_DEFINITIONS = (
					"DEBUG=1",
					"$(inherited)",
				);
				GCC_WARN_64_TO_32_BIT_CONVERSION = YES;
				GCC_WARN_ABOUT_RETURN_TYPE = YES_ERROR;
				GCC_WARN_UNDECLARED_SELECTOR = YES;
				GCC_WARN_UNINITIALIZED_AUTOS = YES_AGGRESSIVE;
				GCC_WARN_UNUSED_FUNCTION = YES;
				GCC_WARN_UNUSED_VARIABLE = YES;
				IPHONEOS_DEPLOYMENT_TARGET = 14.1;
				MTL_ENABLE_DEBUG_INFO = INCLUDE_SOURCE;
				MTL_FAST_MATH = YES;
				ONLY_ACTIVE_ARCH = YES;
				SDKROOT = iphoneos;
				SWIFT_ACTIVE_COMPILATION_CONDITIONS = DEBUG;
				SWIFT_OPTIMIZATION_LEVEL = "-Onone";
			};
			name = Debug;
		};
		3A8EA86D25681B900060E259 /* Release */ = {
			isa = XCBuildConfiguration;
			buildSettings = {
				ALWAYS_SEARCH_USER_PATHS = NO;
				CLANG_ANALYZER_NONNULL = YES;
				CLANG_ANALYZER_NUMBER_OBJECT_CONVERSION = YES_AGGRESSIVE;
				CLANG_CXX_LANGUAGE_STANDARD = "gnu++14";
				CLANG_CXX_LIBRARY = "libc++";
				CLANG_ENABLE_MODULES = YES;
				CLANG_ENABLE_OBJC_ARC = YES;
				CLANG_ENABLE_OBJC_WEAK = YES;
				CLANG_WARN_BLOCK_CAPTURE_AUTORELEASING = YES;
				CLANG_WARN_BOOL_CONVERSION = YES;
				CLANG_WARN_COMMA = YES;
				CLANG_WARN_CONSTANT_CONVERSION = YES;
				CLANG_WARN_DEPRECATED_OBJC_IMPLEMENTATIONS = YES;
				CLANG_WARN_DIRECT_OBJC_ISA_USAGE = YES_ERROR;
				CLANG_WARN_DOCUMENTATION_COMMENTS = YES;
				CLANG_WARN_EMPTY_BODY = YES;
				CLANG_WARN_ENUM_CONVERSION = YES;
				CLANG_WARN_INFINITE_RECURSION = YES;
				CLANG_WARN_INT_CONVERSION = YES;
				CLANG_WARN_NON_LITERAL_NULL_CONVERSION = YES;
				CLANG_WARN_OBJC_IMPLICIT_RETAIN_SELF = YES;
				CLANG_WARN_OBJC_LITERAL_CONVERSION = YES;
				CLANG_WARN_OBJC_ROOT_CLASS = YES_ERROR;
				CLANG_WARN_QUOTED_INCLUDE_IN_FRAMEWORK_HEADER = YES;
				CLANG_WARN_RANGE_LOOP_ANALYSIS = YES;
				CLANG_WARN_STRICT_PROTOTYPES = YES;
				CLANG_WARN_SUSPICIOUS_MOVE = YES;
				CLANG_WARN_UNGUARDED_AVAILABILITY = YES_AGGRESSIVE;
				CLANG_WARN_UNREACHABLE_CODE = YES;
				CLANG_WARN__DUPLICATE_METHOD_MATCH = YES;
				COPY_PHASE_STRIP = NO;
				DEBUG_INFORMATION_FORMAT = "dwarf-with-dsym";
				ENABLE_NS_ASSERTIONS = NO;
				ENABLE_STRICT_OBJC_MSGSEND = YES;
				GCC_C_LANGUAGE_STANDARD = gnu11;
				GCC_NO_COMMON_BLOCKS = YES;
				GCC_WARN_64_TO_32_BIT_CONVERSION = YES;
				GCC_WARN_ABOUT_RETURN_TYPE = YES_ERROR;
				GCC_WARN_UNDECLARED_SELECTOR = YES;
				GCC_WARN_UNINITIALIZED_AUTOS = YES_AGGRESSIVE;
				GCC_WARN_UNUSED_FUNCTION = YES;
				GCC_WARN_UNUSED_VARIABLE = YES;
				IPHONEOS_DEPLOYMENT_TARGET = 14.1;
				MTL_ENABLE_DEBUG_INFO = NO;
				MTL_FAST_MATH = YES;
				SDKROOT = iphoneos;
				SWIFT_COMPILATION_MODE = wholemodule;
				SWIFT_OPTIMIZATION_LEVEL = "-O";
				VALIDATE_PRODUCT = YES;
			};
			name = Release;
		};
		3A8EA86F25681B900060E259 /* Debug */ = {
			isa = XCBuildConfiguration;
			buildSettings = {
				ASSETCATALOG_COMPILER_APPICON_NAME = AppIcon;
				ASSETCATALOG_COMPILER_GLOBAL_ACCENT_COLOR_NAME = AccentColor;
				CODE_SIGN_STYLE = Automatic;
				DEVELOPMENT_ASSET_PATHS = "\"AngeliqueCard/Preview Content\"";
				DEVELOPMENT_TEAM = AS4ZG3MAQH;
				ENABLE_PREVIEWS = YES;
				INFOPLIST_FILE = AngeliqueCard/Info.plist;
				LD_RUNPATH_SEARCH_PATHS = (
					"$(inherited)",
					"@executable_path/Frameworks",
				);
				PRODUCT_BUNDLE_IDENTIFIER = io.angelappdev.AngeliqueCard;
				PRODUCT_NAME = "$(TARGET_NAME)";
				SWIFT_VERSION = 5.0;
				TARGETED_DEVICE_FAMILY = "1,2";
			};
			name = Debug;
		};
		3A8EA87025681B900060E259 /* Release */ = {
			isa = XCBuildConfiguration;
			buildSettings = {
				ASSETCATALOG_COMPILER_APPICON_NAME = AppIcon;
				ASSETCATALOG_COMPILER_GLOBAL_ACCENT_COLOR_NAME = AccentColor;
				CODE_SIGN_STYLE = Automatic;
				DEVELOPMENT_ASSET_PATHS = "\"AngeliqueCard/Preview Content\"";
				DEVELOPMENT_TEAM = AS4ZG3MAQH;
				ENABLE_PREVIEWS = YES;
				INFOPLIST_FILE = AngeliqueCard/Info.plist;
				LD_RUNPATH_SEARCH_PATHS = (
					"$(inherited)",
					"@executable_path/Frameworks",
				);
				PRODUCT_BUNDLE_IDENTIFIER = io.angelappdev.AngeliqueCard;
				PRODUCT_NAME = "$(TARGET_NAME)";
				SWIFT_VERSION = 5.0;
				TARGETED_DEVICE_FAMILY = "1,2";
			};
			name = Release;
		};
/* End XCBuildConfiguration section */

/* Begin XCConfigurationList section */
		3A8EA85525681B8F0060E259 /* Build configuration list for PBXProject "AngeliqueCard" */ = {
			isa = XCConfigurationList;
			buildConfigurations = (
				3A8EA86C25681B900060E259 /* Debug */,
				3A8EA86D25681B900060E259 /* Release */,
			);
			defaultConfigurationIsVisible = 0;
			defaultConfigurationName = Release;
		};
		3A8EA86E25681B900060E259 /* Build configuration list for PBXNativeTarget "AngeliqueCard" */ = {
			isa = XCConfigurationList;
			buildConfigurations = (
				3A8EA86F25681B900060E259 /* Debug */,
				3A8EA87025681B900060E259 /* Release */,
			);
			defaultConfigurationIsVisible = 0;
			defaultConfigurationName = Release;
		};
/* End XCConfigurationList section */
	};
	rootObject = 3A8EA85225681B8F0060E259 /* Project object */;
}
